
Microsoft Visual Studio Solution File, Format Version 12.00
# Visual Studio Version 17
VisualStudioVersion = 17.13.35828.75 d17.13
MinimumVisualStudioVersion = 10.0.40219.1
Project("{FAE04EC0-301F-11D3-BF4B-00C04F79EFBC}") = "ConsoleApp1", "ConsoleApp1\ConsoleApp1.csproj", "{5A823277-6D31-48D7-9194-72F7BD12ED69}"
EndProject
Global
	GlobalSection(SolutionConfigurationPlatforms) = preSolution
		Debug|Any CPU = Debug|Any CPU
		Release|Any CPU = Release|Any CPU
	EndGlobalSection
	GlobalSection(ProjectConfigurationPlatforms) = postSolution
		{5A823277-6D31-48D7-9194-72F7BD12ED69}.Debug|Any CPU.ActiveCfg = Debug|Any CPU
		{5A823277-6D31-48D7-9194-72F7BD12ED69}.Debug|Any CPU.Build.0 = Debug|Any CPU
		{5A823277-6D31-48D7-9194-72F7BD12ED69}.Release|Any CPU.ActiveCfg = Release|Any CPU
		{5A823277-6D31-48D7-9194-72F7BD12ED69}.Release|Any CPU.Build.0 = Release|Any CPU
	EndGlobalSection
	GlobalSection(SolutionProperties) = preSolution
		HideSolutionNode = FALSE
	EndGlobalSection
	GlobalSection(ExtensibilityGlobals) = postSolution
		SolutionGuid = {65CB971F-E74C-455F-B1B2-9356C38411A0}
	EndGlobalSection
EndGlobal
